// !$*UTF8*$!
{
	archiveVersion = 1;
	classes = {
	};
	objectVersion = 50;
	objects = {

/* Begin PBXBuildFile section */
		E2B8706B2228D23700B746B5 /* AppDelegate.swift in Sources */ = {isa = PBXBuildFile; fileRef = E2B8706A2228D23700B746B5 /* AppDelegate.swift */; };
		E2B8706D2228D23700B746B5 /* ViewController.swift in Sources */ = {isa = PBXBuildFile; fileRef = E2B8706C2228D23700B746B5 /* ViewController.swift */; };
		E2B870702228D23700B746B5 /* Main.storyboard in Resources */ = {isa = PBXBuildFile; fileRef = E2B8706E2228D23700B746B5 /* Main.storyboard */; };
		E2B870722228D23900B746B5 /* Assets.xcassets in Resources */ = {isa = PBXBuildFile; fileRef = E2B870712228D23900B746B5 /* Assets.xcassets */; };
		E2B870752228D23900B746B5 /* LaunchScreen.storyboard in Resources */ = {isa = PBXBuildFile; fileRef = E2B870732228D23900B746B5 /* LaunchScreen.storyboard */; };
		E2B870842228D3D200B746B5 /* Question.swift in Sources */ = {isa = PBXBuildFile; fileRef = E2B870832228D3D200B746B5 /* Question.swift */; };
		E2B87089222960F900B746B5 /* ProgressHUD.bundle in Resources */ = {isa = PBXBuildFile; fileRef = E2B87087222960F800B746B5 /* ProgressHUD.bundle */; };
		E2B8708A222960F900B746B5 /* ProgressHUD.m in Sources */ = {isa = PBXBuildFile; fileRef = E2B87088222960F900B746B5 /* ProgressHUD.m */; };
/* End PBXBuildFile section */

/* Begin PBXFileReference section */
		E2B870672228D23700B746B5 /* Quizz.app */ = {isa = PBXFileReference; explicitFileType = wrapper.application; includeInIndex = 0; path = Quizz.app; sourceTree = BUILT_PRODUCTS_DIR; };
		E2B8706A2228D23700B746B5 /* AppDelegate.swift */ = {isa = PBXFileReference; lastKnownFileType = sourcecode.swift; path = AppDelegate.swift; sourceTree = "<group>"; };
		E2B8706C2228D23700B746B5 /* ViewController.swift */ = {isa = PBXFileReference; lastKnownFileType = sourcecode.swift; path = ViewController.swift; sourceTree = "<group>"; };
		E2B8706F2228D23700B746B5 /* Base */ = {isa = PBXFileReference; lastKnownFileType = file.storyboard; name = Base; path = Base.lproj/Main.storyboard; sourceTree = "<group>"; };
		E2B870712228D23900B746B5 /* Assets.xcassets */ = {isa = PBXFileReference; lastKnownFileType = folder.assetcatalog; path = Assets.xcassets; sourceTree = "<group>"; };
		E2B870742228D23900B746B5 /* Base */ = {isa = PBXFileReference; lastKnownFileType = file.storyboard; name = Base; path = Base.lproj/LaunchScreen.storyboard; sourceTree = "<group>"; };
		E2B870762228D23900B746B5 /* Info.plist */ = {isa = PBXFileReference; lastKnownFileType = text.plist.xml; path = Info.plist; sourceTree = "<group>"; };
		E2B870832228D3D200B746B5 /* Question.swift */ = {isa = PBXFileReference; lastKnownFileType = sourcecode.swift; path = Question.swift; sourceTree = "<group>"; };
		E2B87085222960F700B746B5 /* Quizz-Bridging-Header.h */ = {isa = PBXFileReference; lastKnownFileType = sourcecode.c.h; path = "Quizz-Bridging-Header.h"; sourceTree = "<group>"; };
		E2B87086222960F800B746B5 /* ProgressHUD.h */ = {isa = PBXFileReference; fileEncoding = 4; lastKnownFileType = sourcecode.c.h; path = ProgressHUD.h; sourceTree = "<group>"; };
		E2B87087222960F800B746B5 /* ProgressHUD.bundle */ = {isa = PBXFileReference; lastKnownFileType = "wrapper.plug-in"; path = ProgressHUD.bundle; sourceTree = "<group>"; };
		E2B87088222960F900B746B5 /* ProgressHUD.m */ = {isa = PBXFileReference; fileEncoding = 4; lastKnownFileType = sourcecode.c.objc; path = ProgressHUD.m; sourceTree = "<group>"; };
/* End PBXFileReference section */

/* Begin PBXFrameworksBuildPhase section */
		E2B870642228D23700B746B5 /* Frameworks */ = {
			isa = PBXFrameworksBuildPhase;
			buildActionMask = 2147483647;
			files = (
			);
			runOnlyForDeploymentPostprocessing = 0;
		};
/* End PBXFrameworksBuildPhase section */

/* Begin PBXGroup section */
		E2B8705E2228D23700B746B5 = {
			isa = PBXGroup;
			children = (
				E2B870692228D23700B746B5 /* Quizz */,
				E2B870682228D23700B746B5 /* Products */,
			);
			sourceTree = "<group>";
		};
		E2B870682228D23700B746B5 /* Products */ = {
			isa = PBXGroup;
			children = (
				E2B870672228D23700B746B5 /* Quizz.app */,
			);
			name = Products;
			sourceTree = "<group>";
		};
		E2B870692228D23700B746B5 /* Quizz */ = {
			isa = PBXGroup;
			children = (
				E2B870822228D3B400B746B5 /* Model */,
				E2B8707F2228D37D00B746B5 /* Controller */,
				E2B870812228D3A800B746B5 /* View */,
				E2B870802228D39700B746B5 /* Supporting Files */,
			);
			path = Quizz;
			sourceTree = "<group>";
		};
		E2B8707F2228D37D00B746B5 /* Controller */ = {
			isa = PBXGroup;
			children = (
				E2B8706A2228D23700B746B5 /* AppDelegate.swift */,
				E2B8706C2228D23700B746B5 /* ViewController.swift */,
			);
			name = Controller;
			sourceTree = "<group>";
		};
		E2B870802228D39700B746B5 /* Supporting Files */ = {
			isa = PBXGroup;
			children = (
				E2B87087222960F800B746B5 /* ProgressHUD.bundle */,
				E2B87086222960F800B746B5 /* ProgressHUD.h */,
				E2B87088222960F900B746B5 /* ProgressHUD.m */,
				E2B870732228D23900B746B5 /* LaunchScreen.storyboard */,
				E2B870762228D23900B746B5 /* Info.plist */,
				E2B87085222960F700B746B5 /* Quizz-Bridging-Header.h */,
			);
			name = "Supporting Files";
			sourceTree = "<group>";
		};
		E2B870812228D3A800B746B5 /* View */ = {
			isa = PBXGroup;
			children = (
				E2B8706E2228D23700B746B5 /* Main.storyboard */,
				E2B870712228D23900B746B5 /* Assets.xcassets */,
			);
			name = View;
			sourceTree = "<group>";
		};
		E2B870822228D3B400B746B5 /* Model */ = {
			isa = PBXGroup;
			children = (
				E2B870832228D3D200B746B5 /* Question.swift */,
			);
			name = Model;
			sourceTree = "<group>";
		};
/* End PBXGroup section */

/* Begin PBXNativeTarget section */
		E2B870662228D23700B746B5 /* Quizz */ = {
			isa = PBXNativeTarget;
			buildConfigurationList = E2B870792228D23900B746B5 /* Build configuration list for PBXNativeTarget "Quizz" */;
			buildPhases = (
				E2B870632228D23700B746B5 /* Sources */,
				E2B870642228D23700B746B5 /* Frameworks */,
				E2B870652228D23700B746B5 /* Resources */,
			);
			buildRules = (
			);
			dependencies = (
			);
			name = Quizz;
			productName = Quizz;
			productReference = E2B870672228D23700B746B5 /* Quizz.app */;
			productType = "com.apple.product-type.application";
		};
/* End PBXNativeTarget section */

/* Begin PBXProject section */
		E2B8705F2228D23700B746B5 /* Project object */ = {
			isa = PBXProject;
			attributes = {
				LastSwiftUpdateCheck = 1010;
				LastUpgradeCheck = 1010;
				ORGANIZATIONNAME = "Fang Nan";
				TargetAttributes = {
					E2B870662228D23700B746B5 = {
						CreatedOnToolsVersion = 10.1;
						LastSwiftMigration = 1010;
					};
				};
			};
			buildConfigurationList = E2B870622228D23700B746B5 /* Build configuration list for PBXProject "Quizz" */;
			compatibilityVersion = "Xcode 9.3";
			developmentRegion = en;
			hasScannedForEncodings = 0;
			knownRegions = (
				en,
				Base,
			);
			mainGroup = E2B8705E2228D23700B746B5;
			productRefGroup = E2B870682228D23700B746B5 /* Products */;
			projectDirPath = "";
			projectRoot = "";
			targets = (
				E2B870662228D23700B746B5 /* Quizz */,
			);
		};
/* End PBXProject section */

/* Begin PBXResourcesBuildPhase section */
		E2B870652228D23700B746B5 /* Resources */ = {
			isa = PBXResourcesBuildPhase;
			buildActionMask = 2147483647;
			files = (
				E2B87089222960F900B746B5 /* ProgressHUD.bundle in Resources */,
				E2B870752228D23900B746B5 /* LaunchScreen.storyboard in Resources */,
				E2B870722228D23900B746B5 /* Assets.xcassets in Resources */,
				E2B870702228D23700B746B5 /* Main.storyboard in Resources */,
			);
			runOnlyForDeploymentPostprocessing = 0;
		};
/* End PBXResourcesBuildPhase section */

/* Begin PBXSourcesBuildPhase section */
		E2B870632228D23700B746B5 /* Sources */ = {
			isa = PBXSourcesBuildPhase;
			buildActionMask = 2147483647;
			files = (
				E2B870842228D3D200B746B5 /* Question.swift in Sources */,
				E2B8706D2228D23700B746B5 /* ViewController.swift in Sources */,
				E2B8708A222960F900B746B5 /* ProgressHUD.m in Sources */,
				E2B8706B2228D23700B746B5 /* AppDelegate.swift in Sources */,
			);
			runOnlyForDeploymentPostprocessing = 0;
		};
/* End PBXSourcesBuildPhase section */

/* Begin PBXVariantGroup section */
		E2B8706E2228D23700B746B5 /* Main.storyboard */ = {
			isa = PBXVariantGroup;
			children = (
				E2B8706F2228D23700B746B5 /* Base */,
			);
			name = Main.storyboard;
			sourceTree = "<group>";
		};
		E2B870732228D23900B746B5 /* LaunchScreen.storyboard */ = {
			isa = PBXVariantGroup;
			children = (
				E2B870742228D23900B746B5 /* Base */,
			);
			name = LaunchScreen.storyboard;
			sourceTree = "<group>";
		};
/* End PBXVariantGroup section */

/* Begin XCBuildConfiguration section */
		E2B870772228D23900B746B5 /* Debug */ = {
			isa = XCBuildConfiguration;
			buildSettings = {
				ALWAYS_SEARCH_USER_PATHS = NO;
				CLANG_ANALYZER_NONNULL = YES;
				CLANG_ANALYZER_NUMBER_OBJECT_CONVERSION = YES_AGGRESSIVE;
				CLANG_CXX_LANGUAGE_STANDARD = "gnu++14";
				CLANG_CXX_LIBRARY = "libc++";
				CLANG_ENABLE_MODULES = YES;
				CLANG_ENABLE_OBJC_ARC = YES;
				CLANG_ENABLE_OBJC_WEAK = YES;
				CLANG_WARN_BLOCK_CAPTURE_AUTORELEASING = YES;
				CLANG_WARN_BOOL_CONVERSION = YES;
				CLANG_WARN_COMMA = YES;
				CLANG_WARN_CONSTANT_CONVERSION = YES;
				CLANG_WARN_DEPRECATED_OBJC_IMPLEMENTATIONS = YES;
				CLANG_WARN_DIRECT_OBJC_ISA_USAGE = YES_ERROR;
				CLANG_WARN_DOCUMENTATION_COMMENTS = YES;
				CLANG_WARN_EMPTY_BODY = YES;
				CLANG_WARN_ENUM_CONVERSION = YES;
				CLANG_WARN_INFINITE_RECURSION = YES;
				CLANG_WARN_INT_CONVERSION = YES;
				CLANG_WARN_NON_LITERAL_NULL_CONVERSION = YES;
				CLANG_WARN_OBJC_IMPLICIT_RETAIN_SELF = YES;
				CLANG_WARN_OBJC_LITERAL_CONVERSION = YES;
				CLANG_WARN_OBJC_ROOT_CLASS = YES_ERROR;
				CLANG_WARN_RANGE_LOOP_ANALYSIS = YES;
				CLANG_WARN_STRICT_PROTOTYPES = YES;
				CLANG_WARN_SUSPICIOUS_MOVE = YES;
				CLANG_WARN_UNGUARDED_AVAILABILITY = YES_AGGRESSIVE;
				CLANG_WARN_UNREACHABLE_CODE = YES;
				CLANG_WARN__DUPLICATE_METHOD_MATCH = YES;
				CODE_SIGN_IDENTITY = "iPhone Developer";
				COPY_PHASE_STRIP = NO;
				DEBUG_INFORMATION_FORMAT = dwarf;
				ENABLE_STRICT_OBJC_MSGSEND = YES;
				ENABLE_TESTABILITY = YES;
				GCC_C_LANGUAGE_STANDARD = gnu11;
				GCC_DYNAMIC_NO_PIC = NO;
				GCC_NO_COMMON_BLOCKS = YES;
				GCC_OPTIMIZATION_LEVEL = 0;
				GCC_PREPROCESSOR_DEFINITIONS = (
					"DEBUG=1",
					"$(inherited)",
				);
				GCC_WARN_64_TO_32_BIT_CONVERSION = YES;
				GCC_WARN_ABOUT_RETURN_TYPE = YES_ERROR;
				GCC_WARN_UNDECLARED_SELECTOR = YES;
				GCC_WARN_UNINITIALIZED_AUTOS = YES_AGGRESSIVE;
				GCC_WARN_UNUSED_FUNCTION = YES;
				GCC_WARN_UNUSED_VARIABLE = YES;
				IPHONEOS_DEPLOYMENT_TARGET = 12.1;
				MTL_ENABLE_DEBUG_INFO = INCLUDE_SOURCE;
				MTL_FAST_MATH = YES;
				ONLY_ACTIVE_ARCH = YES;
				SDKROOT = iphoneos;
				SWIFT_ACTIVE_COMPILATION_CONDITIONS = DEBUG;
				SWIFT_OPTIMIZATION_LEVEL = "-Onone";
			};
			name = Debug;
		};
		E2B870782228D23900B746B5 /* Release */ = {
			isa = XCBuildConfiguration;
			buildSettings = {
				ALWAYS_SEARCH_USER_PATHS = NO;
				CLANG_ANALYZER_NONNULL = YES;
				CLANG_ANALYZER_NUMBER_OBJECT_CONVERSION = YES_AGGRESSIVE;
				CLANG_CXX_LANGUAGE_STANDARD = "gnu++14";
				CLANG_CXX_LIBRARY = "libc++";
				CLANG_ENABLE_MODULES = YES;
				CLANG_ENABLE_OBJC_ARC = YES;
				CLANG_ENABLE_OBJC_WEAK = YES;
				CLANG_WARN_BLOCK_CAPTURE_AUTORELEASING = YES;
				CLANG_WARN_BOOL_CONVERSION = YES;
				CLANG_WARN_COMMA = YES;
				CLANG_WARN_CONSTANT_CONVERSION = YES;
				CLANG_WARN_DEPRECATED_OBJC_IMPLEMENTATIONS = YES;
				CLANG_WARN_DIRECT_OBJC_ISA_USAGE = YES_ERROR;
				CLANG_WARN_DOCUMENTATION_COMMENTS = YES;
				CLANG_WARN_EMPTY_BODY = YES;
				CLANG_WARN_ENUM_CONVERSION = YES;
				CLANG_WARN_INFINITE_RECURSION = YES;
				CLANG_WARN_INT_CONVERSION = YES;
				CLANG_WARN_NON_LITERAL_NULL_CONVERSION = YES;
				CLANG_WARN_OBJC_IMPLICIT_RETAIN_SELF = YES;
				CLANG_WARN_OBJC_LITERAL_CONVERSION = YES;
				CLANG_WARN_OBJC_ROOT_CLASS = YES_ERROR;
				CLANG_WARN_RANGE_LOOP_ANALYSIS = YES;
				CLANG_WARN_STRICT_PROTOTYPES = YES;
				CLANG_WARN_SUSPICIOUS_MOVE = YES;
				CLANG_WARN_UNGUARDED_AVAILABILITY = YES_AGGRESSIVE;
				CLANG_WARN_UNREACHABLE_CODE = YES;
				CLANG_WARN__DUPLICATE_METHOD_MATCH = YES;
				CODE_SIGN_IDENTITY = "iPhone Developer";
				COPY_PHASE_STRIP = NO;
				DEBUG_INFORMATION_FORMAT = "dwarf-with-dsym";
				ENABLE_NS_ASSERTIONS = NO;
				ENABLE_STRICT_OBJC_MSGSEND = YES;
				GCC_C_LANGUAGE_STANDARD = gnu11;
				GCC_NO_COMMON_BLOCKS = YES;
				GCC_WARN_64_TO_32_BIT_CONVERSION = YES;
				GCC_WARN_ABOUT_RETURN_TYPE = YES_ERROR;
				GCC_WARN_UNDECLARED_SELECTOR = YES;
				GCC_WARN_UNINITIALIZED_AUTOS = YES_AGGRESSIVE;
				GCC_WARN_UNUSED_FUNCTION = YES;
				GCC_WARN_UNUSED_VARIABLE = YES;
				IPHONEOS_DEPLOYMENT_TARGET = 12.1;
				MTL_ENABLE_DEBUG_INFO = NO;
				MTL_FAST_MATH = YES;
				SDKROOT = iphoneos;
				SWIFT_COMPILATION_MODE = wholemodule;
				SWIFT_OPTIMIZATION_LEVEL = "-O";
				VALIDATE_PRODUCT = YES;
			};
			name = Release;
		};
		E2B8707A2228D23900B746B5 /* Debug */ = {
			isa = XCBuildConfiguration;
			buildSettings = {
				ASSETCATALOG_COMPILER_APPICON_NAME = AppIcon;
				CLANG_ENABLE_MODULES = YES;
				CODE_SIGN_STYLE = Automatic;
				DEVELOPMENT_TEAM = 8A3PV3S5LS;
				INFOPLIST_FILE = Quizz/Info.plist;
				LD_RUNPATH_SEARCH_PATHS = (
					"$(inherited)",
					"@executable_path/Frameworks",
				);
				PRODUCT_BUNDLE_IDENTIFIER = com.fangnan.Quizz;
				PRODUCT_NAME = "$(TARGET_NAME)";
				SWIFT_OBJC_BRIDGING_HEADER = "Quizz/Quizz-Bridging-Header.h";
				SWIFT_OPTIMIZATION_LEVEL = "-Onone";
				SWIFT_VERSION = 4.2;
				TARGETED_DEVICE_FAMILY = "1,2";
			};
			name = Debug;
		};
		E2B8707B2228D23900B746B5 /* Release */ = {
			isa = XCBuildConfiguration;
			buildSettings = {
				ASSETCATALOG_COMPILER_APPICON_NAME = AppIcon;
				CLANG_ENABLE_MODULES = YES;
				CODE_SIGN_STYLE = Automatic;
				DEVELOPMENT_TEAM = 8A3PV3S5LS;
				INFOPLIST_FILE = Quizz/Info.plist;
				LD_RUNPATH_SEARCH_PATHS = (
					"$(inherited)",
					"@executable_path/Frameworks",
				);
				PRODUCT_BUNDLE_IDENTIFIER = com.fangnan.Quizz;
				PRODUCT_NAME = "$(TARGET_NAME)";
				SWIFT_OBJC_BRIDGING_HEADER = "Quizz/Quizz-Bridging-Header.h";
				SWIFT_VERSION = 4.2;
				TARGETED_DEVICE_FAMILY = "1,2";
			};
			name = Release;
		};
/* End XCBuildConfiguration section */

/* Begin XCConfigurationList section */
		E2B870622228D23700B746B5 /* Build configuration list for PBXProject "Quizz" */ = {
			isa = XCConfigurationList;
			buildConfigurations = (
				E2B870772228D23900B746B5 /* Debug */,
				E2B870782228D23900B746B5 /* Release */,
			);
			defaultConfigurationIsVisible = 0;
			defaultConfigurationName = Release;
		};
		E2B870792228D23900B746B5 /* Build configuration list for PBXNativeTarget "Quizz" */ = {
			isa = XCConfigurationList;
			buildConfigurations = (
				E2B8707A2228D23900B746B5 /* Debug */,
				E2B8707B2228D23900B746B5 /* Release */,
			);
			defaultConfigurationIsVisible = 0;
			defaultConfigurationName = Release;
		};
/* End XCConfigurationList section */
	};
	rootObject = E2B8705F2228D23700B746B5 /* Project object */;
}
